// !$*UTF8*$!
{
	archiveVersion = 1;
	classes = {
	};
	objectVersion = 50;
	objects = {

/* Begin PBXBuildFile section */
		1291E5562141DA650057DA82 /* AppDelegate.swift in Sources */ = {isa = PBXBuildFile; fileRef = 1291E5552141DA650057DA82 /* AppDelegate.swift */; };
		1291E5582141DA650057DA82 /* ViewController.swift in Sources */ = {isa = PBXBuildFile; fileRef = 1291E5572141DA650057DA82 /* ViewController.swift */; };
		1291E55B2141DA650057DA82 /* Main.storyboard in Resources */ = {isa = PBXBuildFile; fileRef = 1291E5592141DA650057DA82 /* Main.storyboard */; };
		1291E55D2141DA660057DA82 /* Assets.xcassets in Resources */ = {isa = PBXBuildFile; fileRef = 1291E55C2141DA660057DA82 /* Assets.xcassets */; };
		1291E5602141DA660057DA82 /* LaunchScreen.storyboard in Resources */ = {isa = PBXBuildFile; fileRef = 1291E55E2141DA660057DA82 /* LaunchScreen.storyboard */; };
		18CBD4AF252C80CC004BDB3E /* JAHudPromise.framework in Frameworks */ = {isa = PBXBuildFile; fileRef = 18CBD4AE252C80CC004BDB3E /* JAHudPromise.framework */; };
		18CBD4B0252C80CC004BDB3E /* JAHudPromise.framework in Embed Frameworks */ = {isa = PBXBuildFile; fileRef = 18CBD4AE252C80CC004BDB3E /* JAHudPromise.framework */; settings = {ATTRIBUTES = (CodeSignOnCopy, RemoveHeadersOnCopy, ); }; };
		18CBD4B4252C8102004BDB3E /* JAHud.framework in Frameworks */ = {isa = PBXBuildFile; fileRef = 18CBD4B1252C8102004BDB3E /* JAHud.framework */; };
		18CBD4B5252C8102004BDB3E /* JAHud.framework in Embed Frameworks */ = {isa = PBXBuildFile; fileRef = 18CBD4B1252C8102004BDB3E /* JAHud.framework */; settings = {ATTRIBUTES = (CodeSignOnCopy, RemoveHeadersOnCopy, ); }; };
		18CBD4B6252C8102004BDB3E /* PromiseKit.framework in Frameworks */ = {isa = PBXBuildFile; fileRef = 18CBD4B2252C8102004BDB3E /* PromiseKit.framework */; };
		18CBD4B7252C8102004BDB3E /* PromiseKit.framework in Embed Frameworks */ = {isa = PBXBuildFile; fileRef = 18CBD4B2252C8102004BDB3E /* PromiseKit.framework */; settings = {ATTRIBUTES = (CodeSignOnCopy, RemoveHeadersOnCopy, ); }; };
		18CBD4B8252C8102004BDB3E /* PureLayout.framework in Frameworks */ = {isa = PBXBuildFile; fileRef = 18CBD4B3252C8102004BDB3E /* PureLayout.framework */; };
		18CBD4B9252C8102004BDB3E /* PureLayout.framework in Embed Frameworks */ = {isa = PBXBuildFile; fileRef = 18CBD4B3252C8102004BDB3E /* PureLayout.framework */; settings = {ATTRIBUTES = (CodeSignOnCopy, RemoveHeadersOnCopy, ); }; };
		18CBD4BE252C81BE004BDB3E /* DispatchQueue+Helpers.swift in Sources */ = {isa = PBXBuildFile; fileRef = 18CBD4BD252C81BE004BDB3E /* DispatchQueue+Helpers.swift */; };
		18CBD4C0252C85BA004BDB3E /* Promise+Helper.swift in Sources */ = {isa = PBXBuildFile; fileRef = 18CBD4BF252C85BA004BDB3E /* Promise+Helper.swift */; };
/* End PBXBuildFile section */

/* Begin PBXCopyFilesBuildPhase section */
		1291E5902141DA960057DA82 /* Embed Frameworks */ = {
			isa = PBXCopyFilesBuildPhase;
			buildActionMask = 2147483647;
			dstPath = "";
			dstSubfolderSpec = 10;
			files = (
				18CBD4B7252C8102004BDB3E /* PromiseKit.framework in Embed Frameworks */,
				18CBD4B0252C80CC004BDB3E /* JAHudPromise.framework in Embed Frameworks */,
				18CBD4B9252C8102004BDB3E /* PureLayout.framework in Embed Frameworks */,
				18CBD4B5252C8102004BDB3E /* JAHud.framework in Embed Frameworks */,
			);
			name = "Embed Frameworks";
			runOnlyForDeploymentPostprocessing = 0;
		};
/* End PBXCopyFilesBuildPhase section */

/* Begin PBXFileReference section */
		1291E5522141DA650057DA82 /* JAHudExample.app */ = {isa = PBXFileReference; explicitFileType = wrapper.application; includeInIndex = 0; path = JAHudExample.app; sourceTree = BUILT_PRODUCTS_DIR; };
		1291E5552141DA650057DA82 /* AppDelegate.swift */ = {isa = PBXFileReference; lastKnownFileType = sourcecode.swift; path = AppDelegate.swift; sourceTree = "<group>"; };
		1291E5572141DA650057DA82 /* ViewController.swift */ = {isa = PBXFileReference; lastKnownFileType = sourcecode.swift; path = ViewController.swift; sourceTree = "<group>"; };
		1291E55A2141DA650057DA82 /* Base */ = {isa = PBXFileReference; lastKnownFileType = file.storyboard; name = Base; path = Base.lproj/Main.storyboard; sourceTree = "<group>"; };
		1291E55C2141DA660057DA82 /* Assets.xcassets */ = {isa = PBXFileReference; lastKnownFileType = folder.assetcatalog; path = Assets.xcassets; sourceTree = "<group>"; };
		1291E55F2141DA660057DA82 /* Base */ = {isa = PBXFileReference; lastKnownFileType = file.storyboard; name = Base; path = Base.lproj/LaunchScreen.storyboard; sourceTree = "<group>"; };
		1291E5612141DA660057DA82 /* Info.plist */ = {isa = PBXFileReference; lastKnownFileType = text.plist.xml; path = Info.plist; sourceTree = "<group>"; };
		18CBD4AE252C80CC004BDB3E /* JAHudPromise.framework */ = {isa = PBXFileReference; explicitFileType = wrapper.framework; path = JAHudPromise.framework; sourceTree = BUILT_PRODUCTS_DIR; };
		18CBD4B1252C8102004BDB3E /* JAHud.framework */ = {isa = PBXFileReference; lastKnownFileType = wrapper.framework; name = JAHud.framework; path = ../Carthage/Build/iOS/JAHud.framework; sourceTree = "<group>"; };
		18CBD4B2252C8102004BDB3E /* PromiseKit.framework */ = {isa = PBXFileReference; lastKnownFileType = wrapper.framework; name = PromiseKit.framework; path = ../Carthage/Build/iOS/PromiseKit.framework; sourceTree = "<group>"; };
		18CBD4B3252C8102004BDB3E /* PureLayout.framework */ = {isa = PBXFileReference; lastKnownFileType = wrapper.framework; name = PureLayout.framework; path = ../Carthage/Build/iOS/PureLayout.framework; sourceTree = "<group>"; };
		18CBD4BD252C81BE004BDB3E /* DispatchQueue+Helpers.swift */ = {isa = PBXFileReference; fileEncoding = 4; lastKnownFileType = sourcecode.swift; path = "DispatchQueue+Helpers.swift"; sourceTree = "<group>"; };
		18CBD4BF252C85BA004BDB3E /* Promise+Helper.swift */ = {isa = PBXFileReference; fileEncoding = 4; lastKnownFileType = sourcecode.swift; path = "Promise+Helper.swift"; sourceTree = "<group>"; };
/* End PBXFileReference section */

/* Begin PBXFrameworksBuildPhase section */
		1291E54F2141DA650057DA82 /* Frameworks */ = {
			isa = PBXFrameworksBuildPhase;
			buildActionMask = 2147483647;
			files = (
				18CBD4B6252C8102004BDB3E /* PromiseKit.framework in Frameworks */,
				18CBD4AF252C80CC004BDB3E /* JAHudPromise.framework in Frameworks */,
				18CBD4B8252C8102004BDB3E /* PureLayout.framework in Frameworks */,
				18CBD4B4252C8102004BDB3E /* JAHud.framework in Frameworks */,
			);
			runOnlyForDeploymentPostprocessing = 0;
		};
/* End PBXFrameworksBuildPhase section */

/* Begin PBXGroup section */
		1291E5492141DA650057DA82 = {
			isa = PBXGroup;
			children = (
				1291E5542141DA650057DA82 /* JAHudExample */,
				1291E5532141DA650057DA82 /* Products */,
				18CBD4AD252C80CC004BDB3E /* Frameworks */,
			);
			sourceTree = "<group>";
		};
		1291E5532141DA650057DA82 /* Products */ = {
			isa = PBXGroup;
			children = (
				1291E5522141DA650057DA82 /* JAHudExample.app */,
			);
			name = Products;
			sourceTree = "<group>";
		};
		1291E5542141DA650057DA82 /* JAHudExample */ = {
			isa = PBXGroup;
			children = (
				18CBD4BF252C85BA004BDB3E /* Promise+Helper.swift */,
				18CBD4BD252C81BE004BDB3E /* DispatchQueue+Helpers.swift */,
				1291E5552141DA650057DA82 /* AppDelegate.swift */,
				1291E5572141DA650057DA82 /* ViewController.swift */,
				1291E5592141DA650057DA82 /* Main.storyboard */,
				1291E55C2141DA660057DA82 /* Assets.xcassets */,
				1291E55E2141DA660057DA82 /* LaunchScreen.storyboard */,
				1291E5612141DA660057DA82 /* Info.plist */,
			);
			path = JAHudExample;
			sourceTree = "<group>";
		};
		18CBD4AD252C80CC004BDB3E /* Frameworks */ = {
			isa = PBXGroup;
			children = (
				18CBD4B1252C8102004BDB3E /* JAHud.framework */,
				18CBD4B2252C8102004BDB3E /* PromiseKit.framework */,
				18CBD4B3252C8102004BDB3E /* PureLayout.framework */,
				18CBD4AE252C80CC004BDB3E /* JAHudPromise.framework */,
			);
			name = Frameworks;
			sourceTree = "<group>";
		};
/* End PBXGroup section */

/* Begin PBXNativeTarget section */
		1291E5512141DA650057DA82 /* JAHudExample */ = {
			isa = PBXNativeTarget;
			buildConfigurationList = 1291E57A2141DA660057DA82 /* Build configuration list for PBXNativeTarget "JAHudExample" */;
			buildPhases = (
				1291E54E2141DA650057DA82 /* Sources */,
				1291E54F2141DA650057DA82 /* Frameworks */,
				1291E5502141DA650057DA82 /* Resources */,
				1291E5902141DA960057DA82 /* Embed Frameworks */,
			);
			buildRules = (
			);
			dependencies = (
			);
			name = JAHudExample;
			productName = JAHubExample;
			productReference = 1291E5522141DA650057DA82 /* JAHudExample.app */;
			productType = "com.apple.product-type.application";
		};
/* End PBXNativeTarget section */

/* Begin PBXProject section */
		1291E54A2141DA650057DA82 /* Project object */ = {
			isa = PBXProject;
			attributes = {
				LastSwiftUpdateCheck = 1000;
				LastUpgradeCheck = 1200;
				ORGANIZATIONNAME = KaiZen;
				TargetAttributes = {
					1291E5512141DA650057DA82 = {
						CreatedOnToolsVersion = 10.0;
					};
				};
			};
			buildConfigurationList = 1291E54D2141DA650057DA82 /* Build configuration list for PBXProject "JAHudExample" */;
			compatibilityVersion = "Xcode 9.3";
			developmentRegion = en;
			hasScannedForEncodings = 0;
			knownRegions = (
				en,
				Base,
			);
			mainGroup = 1291E5492141DA650057DA82;
			productRefGroup = 1291E5532141DA650057DA82 /* Products */;
			projectDirPath = "";
			projectRoot = "";
			targets = (
				1291E5512141DA650057DA82 /* JAHudExample */,
			);
		};
/* End PBXProject section */

/* Begin PBXResourcesBuildPhase section */
		1291E5502141DA650057DA82 /* Resources */ = {
			isa = PBXResourcesBuildPhase;
			buildActionMask = 2147483647;
			files = (
				1291E5602141DA660057DA82 /* LaunchScreen.storyboard in Resources */,
				1291E55D2141DA660057DA82 /* Assets.xcassets in Resources */,
				1291E55B2141DA650057DA82 /* Main.storyboard in Resources */,
			);
			runOnlyForDeploymentPostprocessing = 0;
		};
/* End PBXResourcesBuildPhase section */

/* Begin PBXSourcesBuildPhase section */
		1291E54E2141DA650057DA82 /* Sources */ = {
			isa = PBXSourcesBuildPhase;
			buildActionMask = 2147483647;
			files = (
				1291E5582141DA650057DA82 /* ViewController.swift in Sources */,
				18CBD4C0252C85BA004BDB3E /* Promise+Helper.swift in Sources */,
				18CBD4BE252C81BE004BDB3E /* DispatchQueue+Helpers.swift in Sources */,
				1291E5562141DA650057DA82 /* AppDelegate.swift in Sources */,
			);
			runOnlyForDeploymentPostprocessing = 0;
		};
/* End PBXSourcesBuildPhase section */

/* Begin PBXVariantGroup section */
		1291E5592141DA650057DA82 /* Main.storyboard */ = {
			isa = PBXVariantGroup;
			children = (
				1291E55A2141DA650057DA82 /* Base */,
			);
			name = Main.storyboard;
			sourceTree = "<group>";
		};
		1291E55E2141DA660057DA82 /* LaunchScreen.storyboard */ = {
			isa = PBXVariantGroup;
			children = (
				1291E55F2141DA660057DA82 /* Base */,
			);
			name = LaunchScreen.storyboard;
			sourceTree = "<group>";
		};
/* End PBXVariantGroup section */

/* Begin XCBuildConfiguration section */
		1291E5782141DA660057DA82 /* Debug */ = {
			isa = XCBuildConfiguration;
			buildSettings = {
				ALWAYS_SEARCH_USER_PATHS = NO;
				CLANG_ANALYZER_NONNULL = YES;
				CLANG_ANALYZER_NUMBER_OBJECT_CONVERSION = YES_AGGRESSIVE;
				CLANG_CXX_LANGUAGE_STANDARD = "gnu++14";
				CLANG_CXX_LIBRARY = "libc++";
				CLANG_ENABLE_MODULES = YES;
				CLANG_ENABLE_OBJC_ARC = YES;
				CLANG_ENABLE_OBJC_WEAK = YES;
				CLANG_WARN_BLOCK_CAPTURE_AUTORELEASING = YES;
				CLANG_WARN_BOOL_CONVERSION = YES;
				CLANG_WARN_COMMA = YES;
				CLANG_WARN_CONSTANT_CONVERSION = YES;
				CLANG_WARN_DEPRECATED_OBJC_IMPLEMENTATIONS = YES;
				CLANG_WARN_DIRECT_OBJC_ISA_USAGE = YES_ERROR;
				CLANG_WARN_DOCUMENTATION_COMMENTS = YES;
				CLANG_WARN_EMPTY_BODY = YES;
				CLANG_WARN_ENUM_CONVERSION = YES;
				CLANG_WARN_INFINITE_RECURSION = YES;
				CLANG_WARN_INT_CONVERSION = YES;
				CLANG_WARN_NON_LITERAL_NULL_CONVERSION = YES;
				CLANG_WARN_OBJC_IMPLICIT_RETAIN_SELF = YES;
				CLANG_WARN_OBJC_LITERAL_CONVERSION = YES;
				CLANG_WARN_OBJC_ROOT_CLASS = YES_ERROR;
				CLANG_WARN_QUOTED_INCLUDE_IN_FRAMEWORK_HEADER = YES;
				CLANG_WARN_RANGE_LOOP_ANALYSIS = YES;
				CLANG_WARN_STRICT_PROTOTYPES = YES;
				CLANG_WARN_SUSPICIOUS_MOVE = YES;
				CLANG_WARN_UNGUARDED_AVAILABILITY = YES_AGGRESSIVE;
				CLANG_WARN_UNREACHABLE_CODE = YES;
				CLANG_WARN__DUPLICATE_METHOD_MATCH = YES;
				CODE_SIGN_IDENTITY = "iPhone Developer";
				COPY_PHASE_STRIP = NO;
				DEBUG_INFORMATION_FORMAT = dwarf;
				ENABLE_STRICT_OBJC_MSGSEND = YES;
				ENABLE_TESTABILITY = YES;
				GCC_C_LANGUAGE_STANDARD = gnu11;
				GCC_DYNAMIC_NO_PIC = NO;
				GCC_NO_COMMON_BLOCKS = YES;
				GCC_OPTIMIZATION_LEVEL = 0;
				GCC_PREPROCESSOR_DEFINITIONS = (
					"DEBUG=1",
					"$(inherited)",
				);
				GCC_WARN_64_TO_32_BIT_CONVERSION = YES;
				GCC_WARN_ABOUT_RETURN_TYPE = YES_ERROR;
				GCC_WARN_UNDECLARED_SELECTOR = YES;
				GCC_WARN_UNINITIALIZED_AUTOS = YES_AGGRESSIVE;
				GCC_WARN_UNUSED_FUNCTION = YES;
				GCC_WARN_UNUSED_VARIABLE = YES;
				IPHONEOS_DEPLOYMENT_TARGET = 11.0;
				MTL_ENABLE_DEBUG_INFO = INCLUDE_SOURCE;
				MTL_FAST_MATH = YES;
				ONLY_ACTIVE_ARCH = YES;
				SDKROOT = iphoneos;
				SWIFT_ACTIVE_COMPILATION_CONDITIONS = DEBUG;
				SWIFT_OPTIMIZATION_LEVEL = "-Onone";
			};
			name = Debug;
		};
		1291E5792141DA660057DA82 /* Release */ = {
			isa = XCBuildConfiguration;
			buildSettings = {
				ALWAYS_SEARCH_USER_PATHS = NO;
				CLANG_ANALYZER_NONNULL = YES;
				CLANG_ANALYZER_NUMBER_OBJECT_CONVERSION = YES_AGGRESSIVE;
				CLANG_CXX_LANGUAGE_STANDARD = "gnu++14";
				CLANG_CXX_LIBRARY = "libc++";
				CLANG_ENABLE_MODULES = YES;
				CLANG_ENABLE_OBJC_ARC = YES;
				CLANG_ENABLE_OBJC_WEAK = YES;
				CLANG_WARN_BLOCK_CAPTURE_AUTORELEASING = YES;
				CLANG_WARN_BOOL_CONVERSION = YES;
				CLANG_WARN_COMMA = YES;
				CLANG_WARN_CONSTANT_CONVERSION = YES;
				CLANG_WARN_DEPRECATED_OBJC_IMPLEMENTATIONS = YES;
				CLANG_WARN_DIRECT_OBJC_ISA_USAGE = YES_ERROR;
				CLANG_WARN_DOCUMENTATION_COMMENTS = YES;
				CLANG_WARN_EMPTY_BODY = YES;
				CLANG_WARN_ENUM_CONVERSION = YES;
				CLANG_WARN_INFINITE_RECURSION = YES;
				CLANG_WARN_INT_CONVERSION = YES;
				CLANG_WARN_NON_LITERAL_NULL_CONVERSION = YES;
				CLANG_WARN_OBJC_IMPLICIT_RETAIN_SELF = YES;
				CLANG_WARN_OBJC_LITERAL_CONVERSION = YES;
				CLANG_WARN_OBJC_ROOT_CLASS = YES_ERROR;
				CLANG_WARN_QUOTED_INCLUDE_IN_FRAMEWORK_HEADER = YES;
				CLANG_WARN_RANGE_LOOP_ANALYSIS = YES;
				CLANG_WARN_STRICT_PROTOTYPES = YES;
				CLANG_WARN_SUSPICIOUS_MOVE = YES;
				CLANG_WARN_UNGUARDED_AVAILABILITY = YES_AGGRESSIVE;
				CLANG_WARN_UNREACHABLE_CODE = YES;
				CLANG_WARN__DUPLICATE_METHOD_MATCH = YES;
				CODE_SIGN_IDENTITY = "iPhone Developer";
				COPY_PHASE_STRIP = NO;
				DEBUG_INFORMATION_FORMAT = "dwarf-with-dsym";
				ENABLE_NS_ASSERTIONS = NO;
				ENABLE_STRICT_OBJC_MSGSEND = YES;
				GCC_C_LANGUAGE_STANDARD = gnu11;
				GCC_NO_COMMON_BLOCKS = YES;
				GCC_WARN_64_TO_32_BIT_CONVERSION = YES;
				GCC_WARN_ABOUT_RETURN_TYPE = YES_ERROR;
				GCC_WARN_UNDECLARED_SELECTOR = YES;
				GCC_WARN_UNINITIALIZED_AUTOS = YES_AGGRESSIVE;
				GCC_WARN_UNUSED_FUNCTION = YES;
				GCC_WARN_UNUSED_VARIABLE = YES;
				IPHONEOS_DEPLOYMENT_TARGET = 11.0;
				MTL_ENABLE_DEBUG_INFO = NO;
				MTL_FAST_MATH = YES;
				SDKROOT = iphoneos;
				SWIFT_COMPILATION_MODE = wholemodule;
				SWIFT_OPTIMIZATION_LEVEL = "-O";
				VALIDATE_PRODUCT = YES;
			};
			name = Release;
		};
		1291E57B2141DA660057DA82 /* Debug */ = {
			isa = XCBuildConfiguration;
			buildSettings = {
				ASSETCATALOG_COMPILER_APPICON_NAME = AppIcon;
				CODE_SIGN_STYLE = Automatic;
				DEVELOPMENT_TEAM = YWXH886EY3;
				FRAMEWORK_SEARCH_PATHS = "$(PROJECT_DIR)/../Carthage/Build/iOS";
				INFOPLIST_FILE = "$(SRCROOT)/JAHudExample/Info.plist";
				IPHONEOS_DEPLOYMENT_TARGET = 11.0;
				LD_RUNPATH_SEARCH_PATHS = (
					"$(inherited)",
					"@executable_path/Frameworks",
					"$(PROJECT_DIR)/../Carthage/Build/iOS",
				);
				PRODUCT_BUNDLE_IDENTIFIER = org.kiazen.JAHubExample;
				PRODUCT_NAME = "$(TARGET_NAME)";
				SWIFT_VERSION = 4.2;
				TARGETED_DEVICE_FAMILY = "1,2";
			};
			name = Debug;
		};
		1291E57C2141DA660057DA82 /* Release */ = {
			isa = XCBuildConfiguration;
			buildSettings = {
				ASSETCATALOG_COMPILER_APPICON_NAME = AppIcon;
				CODE_SIGN_STYLE = Automatic;
				DEVELOPMENT_TEAM = YWXH886EY3;
				FRAMEWORK_SEARCH_PATHS = "$(PROJECT_DIR)/../Carthage/Build/iOS";
				INFOPLIST_FILE = "$(SRCROOT)/JAHudExample/Info.plist";
				IPHONEOS_DEPLOYMENT_TARGET = 11.0;
				LD_RUNPATH_SEARCH_PATHS = (
					"$(inherited)",
					"@executable_path/Frameworks",
					"$(PROJECT_DIR)/../Carthage/Build/iOS",
				);
				PRODUCT_BUNDLE_IDENTIFIER = org.kiazen.JAHubExample;
				PRODUCT_NAME = "$(TARGET_NAME)";
				SWIFT_VERSION = 4.2;
				TARGETED_DEVICE_FAMILY = "1,2";
			};
			name = Release;
		};
/* End XCBuildConfiguration section */

/* Begin XCConfigurationList section */
		1291E54D2141DA650057DA82 /* Build configuration list for PBXProject "JAHudExample" */ = {
			isa = XCConfigurationList;
			buildConfigurations = (
				1291E5782141DA660057DA82 /* Debug */,
				1291E5792141DA660057DA82 /* Release */,
			);
			defaultConfigurationIsVisible = 0;
			defaultConfigurationName = Release;
		};
		1291E57A2141DA660057DA82 /* Build configuration list for PBXNativeTarget "JAHudExample" */ = {
			isa = XCConfigurationList;
			buildConfigurations = (
				1291E57B2141DA660057DA82 /* Debug */,
				1291E57C2141DA660057DA82 /* Release */,
			);
			defaultConfigurationIsVisible = 0;
			defaultConfigurationName = Release;
		};
/* End XCConfigurationList section */
	};
	rootObject = 1291E54A2141DA650057DA82 /* Project object */;
}
